// !$*UTF8*$!
{
	archiveVersion = 1;
	classes = {
	};
	objectVersion = 46;
	objects = {

/* Begin PBXBuildFile section */
		102D3C2A1B9396FC00A87E76 /* Settings.swift in Sources */ = {isa = PBXBuildFile; fileRef = 102D3C291B9396FC00A87E76 /* Settings.swift */; };
		104A3B091B5805F100D19105 /* Win.swift in Sources */ = {isa = PBXBuildFile; fileRef = 104A3B081B5805F100D19105 /* Win.swift */; };
		104A3B0B1B58074300D19105 /* Lose.swift in Sources */ = {isa = PBXBuildFile; fileRef = 104A3B0A1B58074300D19105 /* Lose.swift */; };
		10787F481B5F6904004F3A14 /* CreateTiles.swift in Sources */ = {isa = PBXBuildFile; fileRef = 10787F471B5F6904004F3A14 /* CreateTiles.swift */; };
		107BE4311B589E4E00E474C3 /* Social.framework in Frameworks */ = {isa = PBXBuildFile; fileRef = 107BE4301B589E4E00E474C3 /* Social.framework */; };
		107C327E1B56466B00D00F45 /* AppDelegate.swift in Sources */ = {isa = PBXBuildFile; fileRef = 107C327D1B56466B00D00F45 /* AppDelegate.swift */; };
		107C32831B56466B00D00F45 /* Main.storyboard in Resources */ = {isa = PBXBuildFile; fileRef = 107C32811B56466B00D00F45 /* Main.storyboard */; };
		107C32851B56466C00D00F45 /* Images.xcassets in Resources */ = {isa = PBXBuildFile; fileRef = 107C32841B56466C00D00F45 /* Images.xcassets */; };
		107C32881B56466C00D00F45 /* LaunchScreen.xib in Resources */ = {isa = PBXBuildFile; fileRef = 107C32861B56466C00D00F45 /* LaunchScreen.xib */; };
		107C32941B56466C00D00F45 /* TheTileGameInXcodeTests.swift in Sources */ = {isa = PBXBuildFile; fileRef = 107C32931B56466C00D00F45 /* TheTileGameInXcodeTests.swift */; };
		107C329E1B5646FA00D00F45 /* Game.swift in Sources */ = {isa = PBXBuildFile; fileRef = 107C329D1B5646FA00D00F45 /* Game.swift */; };
		107C32B41B5648F200D00F45 /* Home.swift in Sources */ = {isa = PBXBuildFile; fileRef = 107C32B31B5648F200D00F45 /* Home.swift */; };
		108150561B952CA5003847A1 /* FacebookButton2.png in Resources */ = {isa = PBXBuildFile; fileRef = 1081504F1B952CA5003847A1 /* FacebookButton2.png */; };
		108150581B952CA5003847A1 /* TwitterButton2.png in Resources */ = {isa = PBXBuildFile; fileRef = 108150511B952CA5003847A1 /* TwitterButton2.png */; };
		108150591B952CA5003847A1 /* AppBackGround.png in Resources */ = {isa = PBXBuildFile; fileRef = 108150521B952CA5003847A1 /* AppBackGround.png */; };
		1081505A1B952CA5003847A1 /* AppLoaderHomePage.png in Resources */ = {isa = PBXBuildFile; fileRef = 108150531B952CA5003847A1 /* AppLoaderHomePage.png */; };
		1081505B1B952CA5003847A1 /* Menu button.png in Resources */ = {isa = PBXBuildFile; fileRef = 108150541B952CA5003847A1 /* Menu button.png */; };
		108150621B952CBF003847A1 /* Orange Diamond Hexagon.png in Resources */ = {isa = PBXBuildFile; fileRef = 1081505C1B952CBF003847A1 /* Orange Diamond Hexagon.png */; };
		108150631B952CBF003847A1 /* Blue Square hexagon.png in Resources */ = {isa = PBXBuildFile; fileRef = 1081505D1B952CBF003847A1 /* Blue Square hexagon.png */; };
		108150641B952CBF003847A1 /* Green Triangle hexagon.png in Resources */ = {isa = PBXBuildFile; fileRef = 1081505E1B952CBF003847A1 /* Green Triangle hexagon.png */; };
		108150651B952CBF003847A1 /* Hexagon Panel.png in Resources */ = {isa = PBXBuildFile; fileRef = 1081505F1B952CBF003847A1 /* Hexagon Panel.png */; };
		108150661B952CBF003847A1 /* Purple Circle Hexagon.png in Resources */ = {isa = PBXBuildFile; fileRef = 108150601B952CBF003847A1 /* Purple Circle Hexagon.png */; };
		108150671B952CBF003847A1 /* Red X hexagon.png in Resources */ = {isa = PBXBuildFile; fileRef = 108150611B952CBF003847A1 /* Red X hexagon.png */; };
		10A04E061B9518FE00B9428D /* BestTimes.swift in Sources */ = {isa = PBXBuildFile; fileRef = 10A04E051B9518FE00B9428D /* BestTimes.swift */; };
		10A4E81A1BCF6840002D3798 /* HowToPlay.swift in Sources */ = {isa = PBXBuildFile; fileRef = 10A4E8191BCF6840002D3798 /* HowToPlay.swift */; };
		10AB571D1BD3E23E00FF9E00 /* PauseMenu.swift in Sources */ = {isa = PBXBuildFile; fileRef = 10AB571C1BD3E23E00FF9E00 /* PauseMenu.swift */; };
		10BA35291BD3189D00AEDC95 /* TTGTiles.png in Resources */ = {isa = PBXBuildFile; fileRef = 10BA35281BD3189D00AEDC95 /* TTGTiles.png */; };
		10C873641CACC1BA0096AAE8 /* TVTile.framework in Frameworks */ = {isa = PBXBuildFile; fileRef = 10C873601CACBCDD0096AAE8 /* TVTile.framework */; };
		10C873651CACC1BA0096AAE8 /* TVTile.framework in Embed Frameworks */ = {isa = PBXBuildFile; fileRef = 10C873601CACBCDD0096AAE8 /* TVTile.framework */; settings = {ATTRIBUTES = (CodeSignOnCopy, RemoveHeadersOnCopy, ); }; };
		10C873661CACC1BA0096AAE8 /* TimeCounter.framework in Frameworks */ = {isa = PBXBuildFile; fileRef = 10C873451CACBB6F0096AAE8 /* TimeCounter.framework */; };
		10C873671CACC1BA0096AAE8 /* TimeCounter.framework in Embed Frameworks */ = {isa = PBXBuildFile; fileRef = 10C873451CACBB6F0096AAE8 /* TimeCounter.framework */; settings = {ATTRIBUTES = (CodeSignOnCopy, RemoveHeadersOnCopy, ); }; };
/* End PBXBuildFile section */

/* Begin PBXContainerItemProxy section */
		107C328E1B56466C00D00F45 /* PBXContainerItemProxy */ = {
			isa = PBXContainerItemProxy;
			containerPortal = 107C32701B56466B00D00F45 /* Project object */;
			proxyType = 1;
			remoteGlobalIDString = 107C32771B56466B00D00F45;
			remoteInfo = TheTileGameInXcode;
		};
/* End PBXContainerItemProxy section */

/* Begin PBXCopyFilesBuildPhase section */
		10C873681CACC1BA0096AAE8 /* Embed Frameworks */ = {
			isa = PBXCopyFilesBuildPhase;
			buildActionMask = 2147483647;
			dstPath = "";
			dstSubfolderSpec = 10;
			files = (
				10C873671CACC1BA0096AAE8 /* TimeCounter.framework in Embed Frameworks */,
				10C873651CACC1BA0096AAE8 /* TVTile.framework in Embed Frameworks */,
			);
			name = "Embed Frameworks";
			runOnlyForDeploymentPostprocessing = 0;
		};
/* End PBXCopyFilesBuildPhase section */

/* Begin PBXFileReference section */
		102D3C291B9396FC00A87E76 /* Settings.swift */ = {isa = PBXFileReference; fileEncoding = 4; lastKnownFileType = sourcecode.swift; path = Settings.swift; sourceTree = "<group>"; };
		104A3B081B5805F100D19105 /* Win.swift */ = {isa = PBXFileReference; fileEncoding = 4; lastKnownFileType = sourcecode.swift; path = Win.swift; sourceTree = "<group>"; };
		104A3B0A1B58074300D19105 /* Lose.swift */ = {isa = PBXFileReference; fileEncoding = 4; lastKnownFileType = sourcecode.swift; path = Lose.swift; sourceTree = "<group>"; };
		10787F471B5F6904004F3A14 /* CreateTiles.swift */ = {isa = PBXFileReference; fileEncoding = 4; lastKnownFileType = sourcecode.swift; path = CreateTiles.swift; sourceTree = "<group>"; };
		107BE4301B589E4E00E474C3 /* Social.framework */ = {isa = PBXFileReference; lastKnownFileType = wrapper.framework; name = Social.framework; path = System/Library/Frameworks/Social.framework; sourceTree = SDKROOT; };
		107C32781B56466B00D00F45 /* The Tile Game.app */ = {isa = PBXFileReference; explicitFileType = wrapper.application; includeInIndex = 0; path = "The Tile Game.app"; sourceTree = BUILT_PRODUCTS_DIR; };
		107C327C1B56466B00D00F45 /* Info.plist */ = {isa = PBXFileReference; lastKnownFileType = text.plist.xml; path = Info.plist; sourceTree = "<group>"; };
		107C327D1B56466B00D00F45 /* AppDelegate.swift */ = {isa = PBXFileReference; lastKnownFileType = sourcecode.swift; path = AppDelegate.swift; sourceTree = "<group>"; };
		107C32821B56466B00D00F45 /* Base */ = {isa = PBXFileReference; lastKnownFileType = file.storyboard; name = Base; path = Base.lproj/Main.storyboard; sourceTree = "<group>"; };
		107C32841B56466C00D00F45 /* Images.xcassets */ = {isa = PBXFileReference; lastKnownFileType = folder.assetcatalog; path = Images.xcassets; sourceTree = "<group>"; };
		107C32871B56466C00D00F45 /* Base */ = {isa = PBXFileReference; lastKnownFileType = file.xib; name = Base; path = Base.lproj/LaunchScreen.xib; sourceTree = "<group>"; };
		107C328D1B56466C00D00F45 /* TheTileGameInXcodeTests.xctest */ = {isa = PBXFileReference; explicitFileType = wrapper.cfbundle; includeInIndex = 0; path = TheTileGameInXcodeTests.xctest; sourceTree = BUILT_PRODUCTS_DIR; };
		107C32921B56466C00D00F45 /* Info.plist */ = {isa = PBXFileReference; lastKnownFileType = text.plist.xml; path = Info.plist; sourceTree = "<group>"; };
		107C32931B56466C00D00F45 /* TheTileGameInXcodeTests.swift */ = {isa = PBXFileReference; lastKnownFileType = sourcecode.swift; path = TheTileGameInXcodeTests.swift; sourceTree = "<group>"; };
		107C329D1B5646FA00D00F45 /* Game.swift */ = {isa = PBXFileReference; fileEncoding = 4; lastKnownFileType = sourcecode.swift; path = Game.swift; sourceTree = "<group>"; };
		107C32B31B5648F200D00F45 /* Home.swift */ = {isa = PBXFileReference; fileEncoding = 4; lastKnownFileType = sourcecode.swift; path = Home.swift; sourceTree = "<group>"; };
		1081504F1B952CA5003847A1 /* FacebookButton2.png */ = {isa = PBXFileReference; lastKnownFileType = image.png; path = FacebookButton2.png; sourceTree = "<group>"; };
		108150511B952CA5003847A1 /* TwitterButton2.png */ = {isa = PBXFileReference; lastKnownFileType = image.png; path = TwitterButton2.png; sourceTree = "<group>"; };
		108150521B952CA5003847A1 /* AppBackGround.png */ = {isa = PBXFileReference; lastKnownFileType = image.png; path = AppBackGround.png; sourceTree = "<group>"; };
		108150531B952CA5003847A1 /* AppLoaderHomePage.png */ = {isa = PBXFileReference; lastKnownFileType = image.png; path = AppLoaderHomePage.png; sourceTree = "<group>"; };
		108150541B952CA5003847A1 /* Menu button.png */ = {isa = PBXFileReference; lastKnownFileType = image.png; path = "Menu button.png"; sourceTree = "<group>"; };
		1081505C1B952CBF003847A1 /* Orange Diamond Hexagon.png */ = {isa = PBXFileReference; lastKnownFileType = image.png; path = "Orange Diamond Hexagon.png"; sourceTree = "<group>"; };
		1081505D1B952CBF003847A1 /* Blue Square hexagon.png */ = {isa = PBXFileReference; lastKnownFileType = image.png; path = "Blue Square hexagon.png"; sourceTree = "<group>"; };
		1081505E1B952CBF003847A1 /* Green Triangle hexagon.png */ = {isa = PBXFileReference; lastKnownFileType = image.png; path = "Green Triangle hexagon.png"; sourceTree = "<group>"; };
		1081505F1B952CBF003847A1 /* Hexagon Panel.png */ = {isa = PBXFileReference; lastKnownFileType = image.png; path = "Hexagon Panel.png"; sourceTree = "<group>"; };
		108150601B952CBF003847A1 /* Purple Circle Hexagon.png */ = {isa = PBXFileReference; lastKnownFileType = image.png; path = "Purple Circle Hexagon.png"; sourceTree = "<group>"; };
		108150611B952CBF003847A1 /* Red X hexagon.png */ = {isa = PBXFileReference; lastKnownFileType = image.png; path = "Red X hexagon.png"; sourceTree = "<group>"; };
		10A04E051B9518FE00B9428D /* BestTimes.swift */ = {isa = PBXFileReference; fileEncoding = 4; lastKnownFileType = sourcecode.swift; path = BestTimes.swift; sourceTree = "<group>"; };
		10A4E8191BCF6840002D3798 /* HowToPlay.swift */ = {isa = PBXFileReference; fileEncoding = 4; lastKnownFileType = sourcecode.swift; path = HowToPlay.swift; sourceTree = "<group>"; };
		10AB571C1BD3E23E00FF9E00 /* PauseMenu.swift */ = {isa = PBXFileReference; fileEncoding = 4; lastKnownFileType = sourcecode.swift; path = PauseMenu.swift; sourceTree = "<group>"; };
		10BA35281BD3189D00AEDC95 /* TTGTiles.png */ = {isa = PBXFileReference; lastKnownFileType = image.png; name = TTGTiles.png; path = ../../../../Desktop/TTGC/TTGTiles.png; sourceTree = "<group>"; };
		10C873451CACBB6F0096AAE8 /* TimeCounter.framework */ = {isa = PBXFileReference; lastKnownFileType = wrapper.framework; name = TimeCounter.framework; path = "../../../../Library/Developer/Xcode/DerivedData/TimeCounter-aqguqvacssfjvmgthlpxzdeenrvs/Build/Products/Debug-iphoneos/TimeCounter.framework"; sourceTree = "<group>"; };
		10C873601CACBCDD0096AAE8 /* TVTile.framework */ = {isa = PBXFileReference; lastKnownFileType = wrapper.framework; name = TVTile.framework; path = "../../../../Library/Developer/Xcode/DerivedData/TVTile-bilguprnwrgrrreonlmnttsgachc/Build/Products/Debug-iphoneos/TVTile.framework"; sourceTree = "<group>"; };
/* End PBXFileReference section */

/* Begin PBXFrameworksBuildPhase section */
		107C32751B56466B00D00F45 /* Frameworks */ = {
			isa = PBXFrameworksBuildPhase;
			buildActionMask = 2147483647;
			files = (
				10C873661CACC1BA0096AAE8 /* TimeCounter.framework in Frameworks */,
				10C873641CACC1BA0096AAE8 /* TVTile.framework in Frameworks */,
				107BE4311B589E4E00E474C3 /* Social.framework in Frameworks */,
			);
			runOnlyForDeploymentPostprocessing = 0;
		};
		107C328A1B56466C00D00F45 /* Frameworks */ = {
			isa = PBXFrameworksBuildPhase;
			buildActionMask = 2147483647;
			files = (
			);
			runOnlyForDeploymentPostprocessing = 0;
		};
/* End PBXFrameworksBuildPhase section */

/* Begin PBXGroup section */
		103F838A1B5C611A00714FFF /* Frameworks */ = {
			isa = PBXGroup;
			children = (
				10C873601CACBCDD0096AAE8 /* TVTile.framework */,
				10C873451CACBB6F0096AAE8 /* TimeCounter.framework */,
				107BE4301B589E4E00E474C3 /* Social.framework */,
			);
			name = Frameworks;
			sourceTree = "<group>";
		};
		107C326F1B56466B00D00F45 = {
			isa = PBXGroup;
			children = (
				107C327A1B56466B00D00F45 /* TheTileGameInXcode */,
				107C32901B56466C00D00F45 /* TheTileGameInXcodeTests */,
				107C32791B56466B00D00F45 /* Products */,
				1081504D1B952C2D003847A1 /* Pictures */,
				103F838A1B5C611A00714FFF /* Frameworks */,
			);
			sourceTree = "<group>";
		};
		107C32791B56466B00D00F45 /* Products */ = {
			isa = PBXGroup;
			children = (
				107C32781B56466B00D00F45 /* The Tile Game.app */,
				107C328D1B56466C00D00F45 /* TheTileGameInXcodeTests.xctest */,
			);
			name = Products;
			sourceTree = "<group>";
		};
		107C327A1B56466B00D00F45 /* TheTileGameInXcode */ = {
			isa = PBXGroup;
			children = (
				107C327D1B56466B00D00F45 /* AppDelegate.swift */,
				107C32B31B5648F200D00F45 /* Home.swift */,
				102D3C291B9396FC00A87E76 /* Settings.swift */,
				10A4E8191BCF6840002D3798 /* HowToPlay.swift */,
				10A04E051B9518FE00B9428D /* BestTimes.swift */,
				104A3B081B5805F100D19105 /* Win.swift */,
				104A3B0A1B58074300D19105 /* Lose.swift */,
				107C329D1B5646FA00D00F45 /* Game.swift */,
				10AB571C1BD3E23E00FF9E00 /* PauseMenu.swift */,
				10787F471B5F6904004F3A14 /* CreateTiles.swift */,
				107C32811B56466B00D00F45 /* Main.storyboard */,
				107C32841B56466C00D00F45 /* Images.xcassets */,
				107C32861B56466C00D00F45 /* LaunchScreen.xib */,
				107C327B1B56466B00D00F45 /* Supporting Files */,
			);
			path = TheTileGameInXcode;
			sourceTree = "<group>";
		};
		107C327B1B56466B00D00F45 /* Supporting Files */ = {
			isa = PBXGroup;
			children = (
				107C327C1B56466B00D00F45 /* Info.plist */,
			);
			name = "Supporting Files";
			sourceTree = "<group>";
		};
		107C32901B56466C00D00F45 /* TheTileGameInXcodeTests */ = {
			isa = PBXGroup;
			children = (
				107C32931B56466C00D00F45 /* TheTileGameInXcodeTests.swift */,
				107C32911B56466C00D00F45 /* Supporting Files */,
			);
			path = TheTileGameInXcodeTests;
			sourceTree = "<group>";
		};
		107C32911B56466C00D00F45 /* Supporting Files */ = {
			isa = PBXGroup;
			children = (
				107C32921B56466C00D00F45 /* Info.plist */,
			);
			name = "Supporting Files";
			sourceTree = "<group>";
		};
		1081504D1B952C2D003847A1 /* Pictures */ = {
			isa = PBXGroup;
			children = (
				10BA35281BD3189D00AEDC95 /* TTGTiles.png */,
				1081505C1B952CBF003847A1 /* Orange Diamond Hexagon.png */,
				1081505D1B952CBF003847A1 /* Blue Square hexagon.png */,
				1081505E1B952CBF003847A1 /* Green Triangle hexagon.png */,
				1081505F1B952CBF003847A1 /* Hexagon Panel.png */,
				108150601B952CBF003847A1 /* Purple Circle Hexagon.png */,
				108150611B952CBF003847A1 /* Red X hexagon.png */,
				1081504F1B952CA5003847A1 /* FacebookButton2.png */,
				108150511B952CA5003847A1 /* TwitterButton2.png */,
				108150521B952CA5003847A1 /* AppBackGround.png */,
				108150531B952CA5003847A1 /* AppLoaderHomePage.png */,
				108150541B952CA5003847A1 /* Menu button.png */,
			);
			name = Pictures;
			sourceTree = "<group>";
		};
/* End PBXGroup section */

/* Begin PBXNativeTarget section */
		107C32771B56466B00D00F45 /* TheTileGameInXcode */ = {
			isa = PBXNativeTarget;
			buildConfigurationList = 107C32971B56466C00D00F45 /* Build configuration list for PBXNativeTarget "TheTileGameInXcode" */;
			buildPhases = (
				107C32741B56466B00D00F45 /* Sources */,
				107C32751B56466B00D00F45 /* Frameworks */,
				107C32761B56466B00D00F45 /* Resources */,
				10C873681CACC1BA0096AAE8 /* Embed Frameworks */,
			);
			buildRules = (
			);
			dependencies = (
			);
			name = TheTileGameInXcode;
			productName = TheTileGameInXcode;
			productReference = 107C32781B56466B00D00F45 /* The Tile Game.app */;
			productType = "com.apple.product-type.application";
		};
		107C328C1B56466C00D00F45 /* TheTileGameInXcodeTests */ = {
			isa = PBXNativeTarget;
			buildConfigurationList = 107C329A1B56466C00D00F45 /* Build configuration list for PBXNativeTarget "TheTileGameInXcodeTests" */;
			buildPhases = (
				107C32891B56466C00D00F45 /* Sources */,
				107C328A1B56466C00D00F45 /* Frameworks */,
				107C328B1B56466C00D00F45 /* Resources */,
			);
			buildRules = (
			);
			dependencies = (
				107C328F1B56466C00D00F45 /* PBXTargetDependency */,
			);
			name = TheTileGameInXcodeTests;
			productName = TheTileGameInXcodeTests;
			productReference = 107C328D1B56466C00D00F45 /* TheTileGameInXcodeTests.xctest */;
			productType = "com.apple.product-type.bundle.unit-test";
		};
/* End PBXNativeTarget section */

/* Begin PBXProject section */
		107C32701B56466B00D00F45 /* Project object */ = {
			isa = PBXProject;
			attributes = {
				LastSwiftUpdateCheck = 0700;
				LastUpgradeCheck = 0700;
				ORGANIZATIONNAME = "Adeola Uthman";
				TargetAttributes = {
					107C32771B56466B00D00F45 = {
						CreatedOnToolsVersion = 6.4;
						DevelopmentTeam = ZNAXL37NHX;
						SystemCapabilities = {
							com.apple.GameCenter = {
								enabled = 1;
							};
						};
					};
					107C328C1B56466C00D00F45 = {
						CreatedOnToolsVersion = 6.4;
						DevelopmentTeam = ZNAXL37NHX;
						TestTargetID = 107C32771B56466B00D00F45;
					};
				};
			};
			buildConfigurationList = 107C32731B56466B00D00F45 /* Build configuration list for PBXProject "TheTileGameInXcode" */;
			compatibilityVersion = "Xcode 3.2";
			developmentRegion = English;
			hasScannedForEncodings = 0;
			knownRegions = (
				en,
				Base,
			);
			mainGroup = 107C326F1B56466B00D00F45;
			productRefGroup = 107C32791B56466B00D00F45 /* Products */;
			projectDirPath = "";
			projectRoot = "";
			targets = (
				107C32771B56466B00D00F45 /* TheTileGameInXcode */,
				107C328C1B56466C00D00F45 /* TheTileGameInXcodeTests */,
			);
		};
/* End PBXProject section */

/* Begin PBXResourcesBuildPhase section */
		107C32761B56466B00D00F45 /* Resources */ = {
			isa = PBXResourcesBuildPhase;
			buildActionMask = 2147483647;
			files = (
				108150581B952CA5003847A1 /* TwitterButton2.png in Resources */,
				108150671B952CBF003847A1 /* Red X hexagon.png in Resources */,
				108150621B952CBF003847A1 /* Orange Diamond Hexagon.png in Resources */,
				1081505A1B952CA5003847A1 /* AppLoaderHomePage.png in Resources */,
				108150661B952CBF003847A1 /* Purple Circle Hexagon.png in Resources */,
				108150641B952CBF003847A1 /* Green Triangle hexagon.png in Resources */,
				107C32831B56466B00D00F45 /* Main.storyboard in Resources */,
				107C32881B56466C00D00F45 /* LaunchScreen.xib in Resources */,
				108150591B952CA5003847A1 /* AppBackGround.png in Resources */,
				108150561B952CA5003847A1 /* FacebookButton2.png in Resources */,
				108150651B952CBF003847A1 /* Hexagon Panel.png in Resources */,
				108150631B952CBF003847A1 /* Blue Square hexagon.png in Resources */,
				10BA35291BD3189D00AEDC95 /* TTGTiles.png in Resources */,
				107C32851B56466C00D00F45 /* Images.xcassets in Resources */,
				1081505B1B952CA5003847A1 /* Menu button.png in Resources */,
			);
			runOnlyForDeploymentPostprocessing = 0;
		};
		107C328B1B56466C00D00F45 /* Resources */ = {
			isa = PBXResourcesBuildPhase;
			buildActionMask = 2147483647;
			files = (
			);
			runOnlyForDeploymentPostprocessing = 0;
		};
/* End PBXResourcesBuildPhase section */

/* Begin PBXSourcesBuildPhase section */
		107C32741B56466B00D00F45 /* Sources */ = {
			isa = PBXSourcesBuildPhase;
			buildActionMask = 2147483647;
			files = (
				107C327E1B56466B00D00F45 /* AppDelegate.swift in Sources */,
				104A3B091B5805F100D19105 /* Win.swift in Sources */,
				10A04E061B9518FE00B9428D /* BestTimes.swift in Sources */,
				102D3C2A1B9396FC00A87E76 /* Settings.swift in Sources */,
				107C32B41B5648F200D00F45 /* Home.swift in Sources */,
				107C329E1B5646FA00D00F45 /* Game.swift in Sources */,
				104A3B0B1B58074300D19105 /* Lose.swift in Sources */,
				10AB571D1BD3E23E00FF9E00 /* PauseMenu.swift in Sources */,
				10A4E81A1BCF6840002D3798 /* HowToPlay.swift in Sources */,
				10787F481B5F6904004F3A14 /* CreateTiles.swift in Sources */,
			);
			runOnlyForDeploymentPostprocessing = 0;
		};
		107C32891B56466C00D00F45 /* Sources */ = {
			isa = PBXSourcesBuildPhase;
			buildActionMask = 2147483647;
			files = (
				107C32941B56466C00D00F45 /* TheTileGameInXcodeTests.swift in Sources */,
			);
			runOnlyForDeploymentPostprocessing = 0;
		};
/* End PBXSourcesBuildPhase section */

/* Begin PBXTargetDependency section */
		107C328F1B56466C00D00F45 /* PBXTargetDependency */ = {
			isa = PBXTargetDependency;
			target = 107C32771B56466B00D00F45 /* TheTileGameInXcode */;
			targetProxy = 107C328E1B56466C00D00F45 /* PBXContainerItemProxy */;
		};
/* End PBXTargetDependency section */

/* Begin PBXVariantGroup section */
		107C32811B56466B00D00F45 /* Main.storyboard */ = {
			isa = PBXVariantGroup;
			children = (
				107C32821B56466B00D00F45 /* Base */,
			);
			name = Main.storyboard;
			sourceTree = "<group>";
		};
		107C32861B56466C00D00F45 /* LaunchScreen.xib */ = {
			isa = PBXVariantGroup;
			children = (
				107C32871B56466C00D00F45 /* Base */,
			);
			name = LaunchScreen.xib;
			sourceTree = "<group>";
		};
/* End PBXVariantGroup section */

/* Begin XCBuildConfiguration section */
		10210E3C1B6DAEC600C607B0 /* Distribution */ = {
			isa = XCBuildConfiguration;
			buildSettings = {
				ALWAYS_SEARCH_USER_PATHS = NO;
				CLANG_CXX_LANGUAGE_STANDARD = "gnu++0x";
				CLANG_CXX_LIBRARY = "libc++";
				CLANG_ENABLE_MODULES = YES;
				CLANG_ENABLE_OBJC_ARC = YES;
				CLANG_WARN_BOOL_CONVERSION = YES;
				CLANG_WARN_CONSTANT_CONVERSION = YES;
				CLANG_WARN_DIRECT_OBJC_ISA_USAGE = YES_ERROR;
				CLANG_WARN_EMPTY_BODY = YES;
				CLANG_WARN_ENUM_CONVERSION = YES;
				CLANG_WARN_INT_CONVERSION = YES;
				CLANG_WARN_OBJC_ROOT_CLASS = YES_ERROR;
				CLANG_WARN_UNREACHABLE_CODE = YES;
				CLANG_WARN__DUPLICATE_METHOD_MATCH = YES;
				CODE_SIGN_IDENTITY = "iPhone Distribution: Adeola Uthman (ZNAXL37NHX)";
				"CODE_SIGN_IDENTITY[sdk=iphoneos*]" = "iPhone Distribution: Adeola Uthman (ZNAXL37NHX)";
				COPY_PHASE_STRIP = NO;
				DEBUG_INFORMATION_FORMAT = "dwarf-with-dsym";
				ENABLE_NS_ASSERTIONS = NO;
				ENABLE_STRICT_OBJC_MSGSEND = YES;
				GCC_C_LANGUAGE_STANDARD = gnu99;
				GCC_NO_COMMON_BLOCKS = YES;
				GCC_WARN_64_TO_32_BIT_CONVERSION = YES;
				GCC_WARN_ABOUT_RETURN_TYPE = YES_ERROR;
				GCC_WARN_UNDECLARED_SELECTOR = YES;
				GCC_WARN_UNINITIALIZED_AUTOS = YES_AGGRESSIVE;
				GCC_WARN_UNUSED_FUNCTION = YES;
				GCC_WARN_UNUSED_VARIABLE = YES;
				IPHONEOS_DEPLOYMENT_TARGET = 8.0;
				MTL_ENABLE_DEBUG_INFO = NO;
				PROVISIONING_PROFILE = "d403c7b3-e397-4ac6-be7a-cd2bcbf3b38a";
				SDKROOT = iphoneos;
				TARGETED_DEVICE_FAMILY = "1,2";
				VALIDATE_PRODUCT = YES;
			};
			name = Distribution;
		};
		10210E3D1B6DAEC600C607B0 /* Distribution */ = {
			isa = XCBuildConfiguration;
			buildSettings = {
				ASSETCATALOG_COMPILER_APPICON_NAME = AppIcon;
				CODE_SIGN_IDENTITY = "iPhone Distribution: Adeola Uthman (ZNAXL37NHX)";
				"CODE_SIGN_IDENTITY[sdk=iphoneos*]" = "iPhone Developer";
				CURRENT_PROJECT_VERSION = 1.0.5;
				ENABLE_BITCODE = NO;
				FRAMEWORK_SEARCH_PATHS = (
					"$(inherited)",
					"/Users/adeouthman/Library/Developer/Xcode/DerivedData/TimeCounter-aqguqvacssfjvmgthlpxzdeenrvs/Build/Products/Debug-iphoneos",
					"/Users/adeouthman/Library/Developer/Xcode/DerivedData/TimeCounter-aqguqvacssfjvmgthlpxzdeenrvs/Build/Products/Debug-iphoneos",
					"/Users/adeouthman/Library/Developer/Xcode/DerivedData/TVTile-bilguprnwrgrrreonlmnttsgachc/Build/Products/Debug-iphoneos",
					"/Users/adeouthman/Library/Developer/Xcode/DerivedData/TVTile-bilguprnwrgrrreonlmnttsgachc/Build/Products/Debug-iphoneos",
					"$(PROJECT_DIR)",
				);
				INFOPLIST_FILE = TheTileGameInXcode/Info.plist;
				IPHONEOS_DEPLOYMENT_TARGET = 8.0;
				LD_RUNPATH_SEARCH_PATHS = "$(inherited) @executable_path/Frameworks";
				PRODUCT_BUNDLE_IDENTIFIER = TheTileGame.TheTileGame;
				PRODUCT_NAME = "The Tile Game";
				PROVISIONING_PROFILE = "d403c7b3-e397-4ac6-be7a-cd2bcbf3b38a";
				TARGETED_DEVICE_FAMILY = "1,2";
			};
			name = Distribution;
		};
		10210E3E1B6DAEC600C607B0 /* Distribution */ = {
			isa = XCBuildConfiguration;
			buildSettings = {
				BUNDLE_LOADER = "$(TEST_HOST)";
				CODE_SIGN_IDENTITY = "iPhone Developer";
				"CODE_SIGN_IDENTITY[sdk=iphoneos*]" = "iPhone Developer";
				FRAMEWORK_SEARCH_PATHS = (
					"$(SDKROOT)/Developer/Library/Frameworks",
					"$(inherited)",
				);
				INFOPLIST_FILE = TheTileGameInXcodeTests/Info.plist;
				LD_RUNPATH_SEARCH_PATHS = "$(inherited) @executable_path/Frameworks @loader_path/Frameworks";
				PRODUCT_BUNDLE_IDENTIFIER = "AdeolaUthman.$(PRODUCT_NAME:rfc1034identifier)";
				PRODUCT_NAME = "$(TARGET_NAME)";
				PROVISIONING_PROFILE = "";
				TEST_HOST = "$(BUILT_PRODUCTS_DIR)/TheTileGameInXcode.app/TheTileGameInXcode";
			};
			name = Distribution;
		};
		107C32951B56466C00D00F45 /* Debug */ = {
			isa = XCBuildConfiguration;
			buildSettings = {
				ALWAYS_SEARCH_USER_PATHS = NO;
				CLANG_CXX_LANGUAGE_STANDARD = "gnu++0x";
				CLANG_CXX_LIBRARY = "libc++";
				CLANG_ENABLE_MODULES = YES;
				CLANG_ENABLE_OBJC_ARC = YES;
				CLANG_WARN_BOOL_CONVERSION = YES;
				CLANG_WARN_CONSTANT_CONVERSION = YES;
				CLANG_WARN_DIRECT_OBJC_ISA_USAGE = YES_ERROR;
				CLANG_WARN_EMPTY_BODY = YES;
				CLANG_WARN_ENUM_CONVERSION = YES;
				CLANG_WARN_INT_CONVERSION = YES;
				CLANG_WARN_OBJC_ROOT_CLASS = YES_ERROR;
				CLANG_WARN_UNREACHABLE_CODE = YES;
				CLANG_WARN__DUPLICATE_METHOD_MATCH = YES;
				CODE_SIGN_IDENTITY = "iPhone Distribution: Adeola Uthman (ZNAXL37NHX)";
				"CODE_SIGN_IDENTITY[sdk=iphoneos*]" = "iPhone Distribution: Adeola Uthman (ZNAXL37NHX)";
				COPY_PHASE_STRIP = NO;
				DEBUG_INFORMATION_FORMAT = "dwarf-with-dsym";
				ENABLE_STRICT_OBJC_MSGSEND = YES;
				ENABLE_TESTABILITY = YES;
				GCC_C_LANGUAGE_STANDARD = gnu99;
				GCC_DYNAMIC_NO_PIC = NO;
				GCC_NO_COMMON_BLOCKS = YES;
				GCC_OPTIMIZATION_LEVEL = 0;
				GCC_PREPROCESSOR_DEFINITIONS = (
					"DEBUG=1",
					"$(inherited)",
				);
				GCC_SYMBOLS_PRIVATE_EXTERN = NO;
				GCC_WARN_64_TO_32_BIT_CONVERSION = YES;
				GCC_WARN_ABOUT_RETURN_TYPE = YES_ERROR;
				GCC_WARN_UNDECLARED_SELECTOR = YES;
				GCC_WARN_UNINITIALIZED_AUTOS = YES_AGGRESSIVE;
				GCC_WARN_UNUSED_FUNCTION = YES;
				GCC_WARN_UNUSED_VARIABLE = YES;
				IPHONEOS_DEPLOYMENT_TARGET = 8.0;
				MTL_ENABLE_DEBUG_INFO = YES;
				ONLY_ACTIVE_ARCH = YES;
				PROVISIONING_PROFILE = "d403c7b3-e397-4ac6-be7a-cd2bcbf3b38a";
				SDKROOT = iphoneos;
				SWIFT_OPTIMIZATION_LEVEL = "-Onone";
				TARGETED_DEVICE_FAMILY = "1,2";
			};
			name = Debug;
		};
		107C32961B56466C00D00F45 /* Release */ = {
			isa = XCBuildConfiguration;
			buildSettings = {
				ALWAYS_SEARCH_USER_PATHS = NO;
				CLANG_CXX_LANGUAGE_STANDARD = "gnu++0x";
				CLANG_CXX_LIBRARY = "libc++";
				CLANG_ENABLE_MODULES = YES;
				CLANG_ENABLE_OBJC_ARC = YES;
				CLANG_WARN_BOOL_CONVERSION = YES;
				CLANG_WARN_CONSTANT_CONVERSION = YES;
				CLANG_WARN_DIRECT_OBJC_ISA_USAGE = YES_ERROR;
				CLANG_WARN_EMPTY_BODY = YES;
				CLANG_WARN_ENUM_CONVERSION = YES;
				CLANG_WARN_INT_CONVERSION = YES;
				CLANG_WARN_OBJC_ROOT_CLASS = YES_ERROR;
				CLANG_WARN_UNREACHABLE_CODE = YES;
				CLANG_WARN__DUPLICATE_METHOD_MATCH = YES;
				CODE_SIGN_IDENTITY = "iPhone Distribution: Adeola Uthman (ZNAXL37NHX)";
				"CODE_SIGN_IDENTITY[sdk=iphoneos*]" = "iPhone Distribution: Adeola Uthman (ZNAXL37NHX)";
				COPY_PHASE_STRIP = NO;
				DEBUG_INFORMATION_FORMAT = "dwarf-with-dsym";
				ENABLE_NS_ASSERTIONS = NO;
				ENABLE_STRICT_OBJC_MSGSEND = YES;
				GCC_C_LANGUAGE_STANDARD = gnu99;
				GCC_NO_COMMON_BLOCKS = YES;
				GCC_WARN_64_TO_32_BIT_CONVERSION = YES;
				GCC_WARN_ABOUT_RETURN_TYPE = YES_ERROR;
				GCC_WARN_UNDECLARED_SELECTOR = YES;
				GCC_WARN_UNINITIALIZED_AUTOS = YES_AGGRESSIVE;
				GCC_WARN_UNUSED_FUNCTION = YES;
				GCC_WARN_UNUSED_VARIABLE = YES;
				IPHONEOS_DEPLOYMENT_TARGET = 8.0;
				MTL_ENABLE_DEBUG_INFO = NO;
				PROVISIONING_PROFILE = "d403c7b3-e397-4ac6-be7a-cd2bcbf3b38a";
				SDKROOT = iphoneos;
				TARGETED_DEVICE_FAMILY = "1,2";
				VALIDATE_PRODUCT = YES;
			};
			name = Release;
		};
		107C32981B56466C00D00F45 /* Debug */ = {
			isa = XCBuildConfiguration;
			buildSettings = {
				ASSETCATALOG_COMPILER_APPICON_NAME = AppIcon;
				CODE_SIGN_IDENTITY = "iPhone Distribution: Adeola Uthman (ZNAXL37NHX)";
				"CODE_SIGN_IDENTITY[sdk=iphoneos*]" = "iPhone Developer";
				CURRENT_PROJECT_VERSION = 1.0.5;
				ENABLE_BITCODE = NO;
				FRAMEWORK_SEARCH_PATHS = (
					"$(inherited)",
					"/Users/adeouthman/Library/Developer/Xcode/DerivedData/TimeCounter-aqguqvacssfjvmgthlpxzdeenrvs/Build/Products/Debug-iphoneos",
					"/Users/adeouthman/Library/Developer/Xcode/DerivedData/TimeCounter-aqguqvacssfjvmgthlpxzdeenrvs/Build/Products/Debug-iphoneos",
					"/Users/adeouthman/Library/Developer/Xcode/DerivedData/TVTile-bilguprnwrgrrreonlmnttsgachc/Build/Products/Debug-iphoneos",
					"/Users/adeouthman/Library/Developer/Xcode/DerivedData/TVTile-bilguprnwrgrrreonlmnttsgachc/Build/Products/Debug-iphoneos",
					"$(PROJECT_DIR)",
				);
				INFOPLIST_FILE = TheTileGameInXcode/Info.plist;
				IPHONEOS_DEPLOYMENT_TARGET = 8.0;
				LD_RUNPATH_SEARCH_PATHS = "$(inherited) @executable_path/Frameworks";
				PRODUCT_BUNDLE_IDENTIFIER = TheTileGame.TheTileGame;
				PRODUCT_NAME = "The Tile Game";
				PROVISIONING_PROFILE = "d403c7b3-e397-4ac6-be7a-cd2bcbf3b38a";
				TARGETED_DEVICE_FAMILY = "1,2";
			};
			name = Debug;
		};
		107C32991B56466C00D00F45 /* Release */ = {
			isa = XCBuildConfiguration;
			buildSettings = {
				ASSETCATALOG_COMPILER_APPICON_NAME = AppIcon;
				CODE_SIGN_IDENTITY = "iPhone Distribution: Adeola Uthman (ZNAXL37NHX)";
				"CODE_SIGN_IDENTITY[sdk=iphoneos*]" = "iPhone Developer";
				CURRENT_PROJECT_VERSION = 1.0.5;
				ENABLE_BITCODE = NO;
				FRAMEWORK_SEARCH_PATHS = (
					"$(inherited)",
					"/Users/adeouthman/Library/Developer/Xcode/DerivedData/TimeCounter-aqguqvacssfjvmgthlpxzdeenrvs/Build/Products/Debug-iphoneos",
					"/Users/adeouthman/Library/Developer/Xcode/DerivedData/TimeCounter-aqguqvacssfjvmgthlpxzdeenrvs/Build/Products/Debug-iphoneos",
					"/Users/adeouthman/Library/Developer/Xcode/DerivedData/TVTile-bilguprnwrgrrreonlmnttsgachc/Build/Products/Debug-iphoneos",
					"/Users/adeouthman/Library/Developer/Xcode/DerivedData/TVTile-bilguprnwrgrrreonlmnttsgachc/Build/Products/Debug-iphoneos",
					"$(PROJECT_DIR)",
				);
				INFOPLIST_FILE = TheTileGameInXcode/Info.plist;
				IPHONEOS_DEPLOYMENT_TARGET = 8.0;
				LD_RUNPATH_SEARCH_PATHS = "$(inherited) @executable_path/Frameworks";
				PRODUCT_BUNDLE_IDENTIFIER = TheTileGame.TheTileGame;
				PRODUCT_NAME = "The Tile Game";
				PROVISIONING_PROFILE = "d403c7b3-e397-4ac6-be7a-cd2bcbf3b38a";
				TARGETED_DEVICE_FAMILY = "1,2";
			};
			name = Release;
		};
		107C329B1B56466C00D00F45 /* Debug */ = {
			isa = XCBuildConfiguration;
			buildSettings = {
				BUNDLE_LOADER = "$(TEST_HOST)";
				CODE_SIGN_IDENTITY = "iPhone Developer";
				"CODE_SIGN_IDENTITY[sdk=iphoneos*]" = "iPhone Developer";
				FRAMEWORK_SEARCH_PATHS = (
					"$(SDKROOT)/Developer/Library/Frameworks",
					"$(inherited)",
				);
				GCC_PREPROCESSOR_DEFINITIONS = (
					"DEBUG=1",
					"$(inherited)",
				);
				INFOPLIST_FILE = TheTileGameInXcodeTests/Info.plist;
				LD_RUNPATH_SEARCH_PATHS = "$(inherited) @executable_path/Frameworks @loader_path/Frameworks";
				PRODUCT_BUNDLE_IDENTIFIER = "AdeolaUthman.$(PRODUCT_NAME:rfc1034identifier)";
				PRODUCT_NAME = "$(TARGET_NAME)";
				PROVISIONING_PROFILE = "";
				TEST_HOST = "$(BUILT_PRODUCTS_DIR)/TheTileGameInXcode.app/TheTileGameInXcode";
			};
			name = Debug;
		};
		107C329C1B56466C00D00F45 /* Release */ = {
			isa = XCBuildConfiguration;
			buildSettings = {
				BUNDLE_LOADER = "$(TEST_HOST)";
				CODE_SIGN_IDENTITY = "iPhone Developer";
				"CODE_SIGN_IDENTITY[sdk=iphoneos*]" = "iPhone Developer";
				FRAMEWORK_SEARCH_PATHS = (
					"$(SDKROOT)/Developer/Library/Frameworks",
					"$(inherited)",
				);
				INFOPLIST_FILE = TheTileGameInXcodeTests/Info.plist;
				LD_RUNPATH_SEARCH_PATHS = "$(inherited) @executable_path/Frameworks @loader_path/Frameworks";
				PRODUCT_BUNDLE_IDENTIFIER = "AdeolaUthman.$(PRODUCT_NAME:rfc1034identifier)";
				PRODUCT_NAME = "$(TARGET_NAME)";
				PROVISIONING_PROFILE = "";
				TEST_HOST = "$(BUILT_PRODUCTS_DIR)/TheTileGameInXcode.app/TheTileGameInXcode";
			};
			name = Release;
		};
/* End XCBuildConfiguration section */

/* Begin XCConfigurationList section */
		107C32731B56466B00D00F45 /* Build configuration list for PBXProject "TheTileGameInXcode" */ = {
			isa = XCConfigurationList;
			buildConfigurations = (
				107C32951B56466C00D00F45 /* Debug */,
				107C32961B56466C00D00F45 /* Release */,
				10210E3C1B6DAEC600C607B0 /* Distribution */,
			);
			defaultConfigurationIsVisible = 0;
			defaultConfigurationName = Release;
		};
		107C32971B56466C00D00F45 /* Build configuration list for PBXNativeTarget "TheTileGameInXcode" */ = {
			isa = XCConfigurationList;
			buildConfigurations = (
				107C32981B56466C00D00F45 /* Debug */,
				107C32991B56466C00D00F45 /* Release */,
				10210E3D1B6DAEC600C607B0 /* Distribution */,
			);
			defaultConfigurationIsVisible = 0;
			defaultConfigurationName = Release;
		};
		107C329A1B56466C00D00F45 /* Build configuration list for PBXNativeTarget "TheTileGameInXcodeTests" */ = {
			isa = XCConfigurationList;
			buildConfigurations = (
				107C329B1B56466C00D00F45 /* Debug */,
				107C329C1B56466C00D00F45 /* Release */,
				10210E3E1B6DAEC600C607B0 /* Distribution */,
			);
			defaultConfigurationIsVisible = 0;
			defaultConfigurationName = Release;
		};
/* End XCConfigurationList section */
	};
	rootObject = 107C32701B56466B00D00F45 /* Project object */;
}
